
Microsoft Visual Studio Solution File, Format Version 12.00
# Visual Studio Version 17
VisualStudioVersion = 17.1.32421.90
MinimumVisualStudioVersion = 10.0.40219.1
Project("{FAE04EC0-301F-11D3-BF4B-00C04F79EFBC}") = "ConsoleApp2", "ConsoleApp2\ConsoleApp2.csproj", "{6BA26BA7-C604-49FE-A6D1-811670EE80B7}"
EndProject
Project("{FAE04EC0-301F-11D3-BF4B-00C04F79EFBC}") = "fortest", "fortest\fortest.csproj", "{E6FF1FC8-A13B-4F53-887D-A15DD9484F9D}"
EndProject
Global
	GlobalSection(SolutionConfigurationPlatforms) = preSolution
		Debug|Any CPU = Debug|Any CPU
		Release|Any CPU = Release|Any CPU
	EndGlobalSection
	GlobalSection(ProjectConfigurationPlatforms) = postSolution
		{6BA26BA7-C604-49FE-A6D1-811670EE80B7}.Debug|Any CPU.ActiveCfg = Debug|Any CPU
		{6BA26BA7-C604-49FE-A6D1-811670EE80B7}.Debug|Any CPU.Build.0 = Debug|Any CPU
		{6BA26BA7-C604-49FE-A6D1-811670EE80B7}.Release|Any CPU.ActiveCfg = Release|Any CPU
		{6BA26BA7-C604-49FE-A6D1-811670EE80B7}.Release|Any CPU.Build.0 = Release|Any CPU
		{E6FF1FC8-A13B-4F53-887D-A15DD9484F9D}.Debug|Any CPU.ActiveCfg = Debug|Any CPU
		{E6FF1FC8-A13B-4F53-887D-A15DD9484F9D}.Debug|Any CPU.Build.0 = Debug|Any CPU
		{E6FF1FC8-A13B-4F53-887D-A15DD9484F9D}.Release|Any CPU.ActiveCfg = Release|Any CPU
		{E6FF1FC8-A13B-4F53-887D-A15DD9484F9D}.Release|Any CPU.Build.0 = Release|Any CPU
	EndGlobalSection
	GlobalSection(SolutionProperties) = preSolution
		HideSolutionNode = FALSE
	EndGlobalSection
	GlobalSection(ExtensibilityGlobals) = postSolution
		SolutionGuid = {1849B726-42FD-42E0-906C-843CF817237C}
	EndGlobalSection
EndGlobal
